
Microsoft Visual Studio Solution File, Format Version 12.00
# Visual Studio Version 17
VisualStudioVersion = 17.11.35327.3
MinimumVisualStudioVersion = 10.0.40219.1
Project("{FAE04EC0-301F-11D3-BF4B-00C04F79EFBC}") = "testing", "testing\testing.csproj", "{45909CF6-6C5D-4A3D-BAFF-227C69A43748}"
EndProject
Global
	GlobalSection(SolutionConfigurationPlatforms) = preSolution
		Debug|Any CPU = Debug|Any CPU
		Release|Any CPU = Release|Any CPU
	EndGlobalSection
	GlobalSection(ProjectConfigurationPlatforms) = postSolution
		{45909CF6-6C5D-4A3D-BAFF-227C69A43748}.Debug|Any CPU.ActiveCfg = Debug|Any CPU
		{45909CF6-6C5D-4A3D-BAFF-227C69A43748}.Debug|Any CPU.Build.0 = Debug|Any CPU
		{45909CF6-6C5D-4A3D-BAFF-227C69A43748}.Release|Any CPU.ActiveCfg = Release|Any CPU
		{45909CF6-6C5D-4A3D-BAFF-227C69A43748}.Release|Any CPU.Build.0 = Release|Any CPU
	EndGlobalSection
	GlobalSection(SolutionProperties) = preSolution
		HideSolutionNode = FALSE
	EndGlobalSection
	GlobalSection(ExtensibilityGlobals) = postSolution
		SolutionGuid = {A72708A7-6A71-428A-AEDD-84C0306F8DC5}
	EndGlobalSection
EndGlobal
